
Microsoft Visual Studio Solution File, Format Version 12.00
# Visual Studio Version 16
VisualStudioVersion = 16.0.30428.66
MinimumVisualStudioVersion = 10.0.40219.1
Project("{9A19103F-16F7-4668-BE54-9A1E7A4F7556}") = "Test-Blazor-WebAssembly-StatisticsAndML-DotNet6", "Test-Blazor-WebAssembly-StatisticsAndML-DotNet6.csproj", "{F1B27830-C6CA-4CF1-8176-0FF6972E1FDA}"
EndProject
Global
	GlobalSection(SolutionConfigurationPlatforms) = preSolution
		Debug|Any CPU = Debug|Any CPU
		Release|Any CPU = Release|Any CPU
	EndGlobalSection
	GlobalSection(ProjectConfigurationPlatforms) = postSolution
		{F1B27830-C6CA-4CF1-8176-0FF6972E1FDA}.Debug|Any CPU.ActiveCfg = Debug|Any CPU
		{F1B27830-C6CA-4CF1-8176-0FF6972E1FDA}.Debug|Any CPU.Build.0 = Debug|Any CPU
		{F1B27830-C6CA-4CF1-8176-0FF6972E1FDA}.Release|Any CPU.ActiveCfg = Release|Any CPU
		{F1B27830-C6CA-4CF1-8176-0FF6972E1FDA}.Release|Any CPU.Build.0 = Release|Any CPU
	EndGlobalSection
	GlobalSection(SolutionProperties) = preSolution
		HideSolutionNode = FALSE
	EndGlobalSection
	GlobalSection(ExtensibilityGlobals) = postSolution
		SolutionGuid = {82D89E6C-D18C-4449-A184-6A6BBF1E7FE2}
	EndGlobalSection
EndGlobal
